
Microsoft Visual Studio Solution File, Format Version 12.00
# Visual Studio 15
VisualStudioVersion = 15.0.26430.16
MinimumVisualStudioVersion = 10.0.40219.1
Project("{FAE04EC0-301F-11D3-BF4B-00C04F79EFBC}") = "myFace", "MyFace\myFace.csproj", "{A18A3A22-CE0A-4179-88C5-021D4703F041}"
EndProject
Project("{FAE04EC0-301F-11D3-BF4B-00C04F79EFBC}") = "myFaceLib", "myFaceLib\myFaceLib.csproj", "{DF318F93-8D64-4EFC-9760-A490DAE2C750}"
EndProject
Project("{FAE04EC0-301F-11D3-BF4B-00C04F79EFBC}") = "myFaceDAL", "myFaceDAL\myFaceDAL.csproj", "{8752EFF5-EDB0-41C7-8790-82E797C21B87}"
EndProject
Global
	GlobalSection(SolutionConfigurationPlatforms) = preSolution
		Debug|Any CPU = Debug|Any CPU
		Release|Any CPU = Release|Any CPU
	EndGlobalSection
	GlobalSection(ProjectConfigurationPlatforms) = postSolution
		{A18A3A22-CE0A-4179-88C5-021D4703F041}.Debug|Any CPU.ActiveCfg = Debug|Any CPU
		{A18A3A22-CE0A-4179-88C5-021D4703F041}.Debug|Any CPU.Build.0 = Debug|Any CPU
		{A18A3A22-CE0A-4179-88C5-021D4703F041}.Release|Any CPU.ActiveCfg = Release|Any CPU
		{A18A3A22-CE0A-4179-88C5-021D4703F041}.Release|Any CPU.Build.0 = Release|Any CPU
		{DF318F93-8D64-4EFC-9760-A490DAE2C750}.Debug|Any CPU.ActiveCfg = Debug|Any CPU
		{DF318F93-8D64-4EFC-9760-A490DAE2C750}.Debug|Any CPU.Build.0 = Debug|Any CPU
		{DF318F93-8D64-4EFC-9760-A490DAE2C750}.Release|Any CPU.ActiveCfg = Release|Any CPU
		{DF318F93-8D64-4EFC-9760-A490DAE2C750}.Release|Any CPU.Build.0 = Release|Any CPU
		{8752EFF5-EDB0-41C7-8790-82E797C21B87}.Debug|Any CPU.ActiveCfg = Debug|Any CPU
		{8752EFF5-EDB0-41C7-8790-82E797C21B87}.Debug|Any CPU.Build.0 = Debug|Any CPU
		{8752EFF5-EDB0-41C7-8790-82E797C21B87}.Release|Any CPU.ActiveCfg = Release|Any CPU
		{8752EFF5-EDB0-41C7-8790-82E797C21B87}.Release|Any CPU.Build.0 = Release|Any CPU
	EndGlobalSection
	GlobalSection(SolutionProperties) = preSolution
		HideSolutionNode = FALSE
	EndGlobalSection
	GlobalSection(ExtensibilityGlobals) = postSolution
		SolutionGuid = {95BEC7A6-A7AA-4E78-A30A-C9DB680504CD}
	EndGlobalSection
EndGlobal
